
Microsoft Visual Studio Solution File, Format Version 12.00
Project("{2150E333-8FDC-42A3-9474-1A3956D46DE8}") = "1.Fundamentals", "1.Fundamentals", "{70414838-87F0-43D6-8253-6626569C3966}"
EndProject
Project("{2150E333-8FDC-42A3-9474-1A3956D46DE8}") = "src", "src", "{D38197AC-84AA-4F26-AAC9-CBDC1CFC75F1}"
EndProject
Project("{2150E333-8FDC-42A3-9474-1A3956D46DE8}") = "test", "test", "{B70B94E9-7292-495C-B9BB-B79FEF9C9BA6}"
EndProject
Project("{FAE04EC0-301F-11D3-BF4B-00C04F79EFBC}") = "CalculatorLibrary", "1.Fundamentals\src\CalculatorLibrary\CalculatorLibrary.csproj", "{523EECEE-7751-4181-8FF3-FC7D92DFBFBF}"
EndProject
Project("{FAE04EC0-301F-11D3-BF4B-00C04F79EFBC}") = "CalculatorLibrary.Tests.Unit", "1.Fundamentals\test\CalculatorLibrary.Tests.Unit\CalculatorLibrary.Tests.Unit.csproj", "{F10ACF8B-BCD9-4A9D-97EA-E95A41BEBEDF}"
EndProject
Project("{2150E333-8FDC-42A3-9474-1A3956D46DE8}") = "2.Techniques", "2.Techniques", "{300524B4-8BAF-49D8-88EE-69172B4E3FBE}"
EndProject
Project("{2150E333-8FDC-42A3-9474-1A3956D46DE8}") = "src", "src", "{C6EB0292-FB7C-48EF-93AE-9F95B5DF295B}"
EndProject
Project("{2150E333-8FDC-42A3-9474-1A3956D46DE8}") = "test", "test", "{0527D9AD-D0F7-4CA2-87D1-9EC35D277D9B}"
EndProject
Project("{FAE04EC0-301F-11D3-BF4B-00C04F79EFBC}") = "TestingTechniques", "2.Techniques\src\TestingTechniques\TestingTechniques.csproj", "{F58DC435-2124-48B0-9C12-3241B59A47F9}"
EndProject
Project("{FAE04EC0-301F-11D3-BF4B-00C04F79EFBC}") = "TestingTechniques.Tests.Unit", "2.Techniques\test\TestingTechniques.Tests.Unit\TestingTechniques.Tests.Unit.csproj", "{624CE72D-EA6B-492A-B719-B0480A2ED718}"
EndProject
Project("{2150E333-8FDC-42A3-9474-1A3956D46DE8}") = "3.Concepts", "3.Concepts", "{2150171F-1700-4BD0-B36C-CAB37725C8EE}"
EndProject
Project("{2150E333-8FDC-42A3-9474-1A3956D46DE8}") = "src", "src", "{DC63C3D6-E7FA-4AA7-AABB-3AE8F7064B70}"
EndProject
Project("{2150E333-8FDC-42A3-9474-1A3956D46DE8}") = "test", "test", "{975F62EB-8B5D-49AD-8CCA-4CFB469123B4}"
EndProject
Project("{FAE04EC0-301F-11D3-BF4B-00C04F79EFBC}") = "UnderstandingDependencies.Api", "3.Concepts\src\UnderstandingDependencies.Api\UnderstandingDependencies.Api.csproj", "{958348BC-27A2-43BD-906B-1A03893D74FE}"
EndProject
Project("{FAE04EC0-301F-11D3-BF4B-00C04F79EFBC}") = "UnderstandingDependencies.Api.Tests.Unit", "3.Concepts\test\UnderstandingDependencies.Api.Tests.Unit\UnderstandingDependencies.Api.Tests.Unit.csproj", "{CE3AF20B-7BD8-4F18-9D0D-3C673732B265}"
EndProject
Project("{2150E333-8FDC-42A3-9474-1A3956D46DE8}") = "4.RealWorld", "4.RealWorld", "{571247D2-EB54-456B-A462-8D993326041F}"
EndProject
Project("{2150E333-8FDC-42A3-9474-1A3956D46DE8}") = "src", "src", "{50936672-7337-4E0D-85AC-14FEC5C4F9FB}"
EndProject
Project("{2150E333-8FDC-42A3-9474-1A3956D46DE8}") = "test", "test", "{AC2D6397-0E6A-4A15-B11A-40F9C1F3ECFF}"
EndProject
Project("{FAE04EC0-301F-11D3-BF4B-00C04F79EFBC}") = "Users.Api", "4.RealWorld\src\Users.Api\Users.Api.csproj", "{F53BBDA9-A0AF-48DA-95E1-839D55EB7709}"
EndProject
Project("{FAE04EC0-301F-11D3-BF4B-00C04F79EFBC}") = "Users.Api.Tests.Unit", "4.RealWorld\test\Users.Api.Tests.Unit\Users.Api.Tests.Unit.csproj", "{A38A687B-036F-40C4-ABC7-79EAF5C88DF6}"
EndProject
Global
	GlobalSection(SolutionConfigurationPlatforms) = preSolution
		Debug|Any CPU = Debug|Any CPU
		Release|Any CPU = Release|Any CPU
	EndGlobalSection
	GlobalSection(NestedProjects) = preSolution
		{D38197AC-84AA-4F26-AAC9-CBDC1CFC75F1} = {70414838-87F0-43D6-8253-6626569C3966}
		{B70B94E9-7292-495C-B9BB-B79FEF9C9BA6} = {70414838-87F0-43D6-8253-6626569C3966}
		{523EECEE-7751-4181-8FF3-FC7D92DFBFBF} = {D38197AC-84AA-4F26-AAC9-CBDC1CFC75F1}
		{F10ACF8B-BCD9-4A9D-97EA-E95A41BEBEDF} = {B70B94E9-7292-495C-B9BB-B79FEF9C9BA6}
		{C6EB0292-FB7C-48EF-93AE-9F95B5DF295B} = {300524B4-8BAF-49D8-88EE-69172B4E3FBE}
		{0527D9AD-D0F7-4CA2-87D1-9EC35D277D9B} = {300524B4-8BAF-49D8-88EE-69172B4E3FBE}
		{F58DC435-2124-48B0-9C12-3241B59A47F9} = {C6EB0292-FB7C-48EF-93AE-9F95B5DF295B}
		{624CE72D-EA6B-492A-B719-B0480A2ED718} = {0527D9AD-D0F7-4CA2-87D1-9EC35D277D9B}
		{DC63C3D6-E7FA-4AA7-AABB-3AE8F7064B70} = {2150171F-1700-4BD0-B36C-CAB37725C8EE}
		{975F62EB-8B5D-49AD-8CCA-4CFB469123B4} = {2150171F-1700-4BD0-B36C-CAB37725C8EE}
		{958348BC-27A2-43BD-906B-1A03893D74FE} = {DC63C3D6-E7FA-4AA7-AABB-3AE8F7064B70}
		{CE3AF20B-7BD8-4F18-9D0D-3C673732B265} = {975F62EB-8B5D-49AD-8CCA-4CFB469123B4}
		{50936672-7337-4E0D-85AC-14FEC5C4F9FB} = {571247D2-EB54-456B-A462-8D993326041F}
		{AC2D6397-0E6A-4A15-B11A-40F9C1F3ECFF} = {571247D2-EB54-456B-A462-8D993326041F}
		{F53BBDA9-A0AF-48DA-95E1-839D55EB7709} = {50936672-7337-4E0D-85AC-14FEC5C4F9FB}
		{A38A687B-036F-40C4-ABC7-79EAF5C88DF6} = {AC2D6397-0E6A-4A15-B11A-40F9C1F3ECFF}
	EndGlobalSection
	GlobalSection(ProjectConfigurationPlatforms) = postSolution
		{523EECEE-7751-4181-8FF3-FC7D92DFBFBF}.Debug|Any CPU.ActiveCfg = Debug|Any CPU
		{523EECEE-7751-4181-8FF3-FC7D92DFBFBF}.Debug|Any CPU.Build.0 = Debug|Any CPU
		{523EECEE-7751-4181-8FF3-FC7D92DFBFBF}.Release|Any CPU.ActiveCfg = Release|Any CPU
		{523EECEE-7751-4181-8FF3-FC7D92DFBFBF}.Release|Any CPU.Build.0 = Release|Any CPU
		{F10ACF8B-BCD9-4A9D-97EA-E95A41BEBEDF}.Debug|Any CPU.ActiveCfg = Debug|Any CPU
		{F10ACF8B-BCD9-4A9D-97EA-E95A41BEBEDF}.Debug|Any CPU.Build.0 = Debug|Any CPU
		{F10ACF8B-BCD9-4A9D-97EA-E95A41BEBEDF}.Release|Any CPU.ActiveCfg = Release|Any CPU
		{F10ACF8B-BCD9-4A9D-97EA-E95A41BEBEDF}.Release|Any CPU.Build.0 = Release|Any CPU
		{F58DC435-2124-48B0-9C12-3241B59A47F9}.Debug|Any CPU.ActiveCfg = Debug|Any CPU
		{F58DC435-2124-48B0-9C12-3241B59A47F9}.Debug|Any CPU.Build.0 = Debug|Any CPU
		{F58DC435-2124-48B0-9C12-3241B59A47F9}.Release|Any CPU.ActiveCfg = Release|Any CPU
		{F58DC435-2124-48B0-9C12-3241B59A47F9}.Release|Any CPU.Build.0 = Release|Any CPU
		{624CE72D-EA6B-492A-B719-B0480A2ED718}.Debug|Any CPU.ActiveCfg = Debug|Any CPU
		{624CE72D-EA6B-492A-B719-B0480A2ED718}.Debug|Any CPU.Build.0 = Debug|Any CPU
		{624CE72D-EA6B-492A-B719-B0480A2ED718}.Release|Any CPU.ActiveCfg = Release|Any CPU
		{624CE72D-EA6B-492A-B719-B0480A2ED718}.Release|Any CPU.Build.0 = Release|Any CPU
		{958348BC-27A2-43BD-906B-1A03893D74FE}.Debug|Any CPU.ActiveCfg = Debug|Any CPU
		{958348BC-27A2-43BD-906B-1A03893D74FE}.Debug|Any CPU.Build.0 = Debug|Any CPU
		{958348BC-27A2-43BD-906B-1A03893D74FE}.Release|Any CPU.ActiveCfg = Release|Any CPU
		{958348BC-27A2-43BD-906B-1A03893D74FE}.Release|Any CPU.Build.0 = Release|Any CPU
		{CE3AF20B-7BD8-4F18-9D0D-3C673732B265}.Debug|Any CPU.ActiveCfg = Debug|Any CPU
		{CE3AF20B-7BD8-4F18-9D0D-3C673732B265}.Debug|Any CPU.Build.0 = Debug|Any CPU
		{CE3AF20B-7BD8-4F18-9D0D-3C673732B265}.Release|Any CPU.ActiveCfg = Release|Any CPU
		{CE3AF20B-7BD8-4F18-9D0D-3C673732B265}.Release|Any CPU.Build.0 = Release|Any CPU
		{F53BBDA9-A0AF-48DA-95E1-839D55EB7709}.Debug|Any CPU.ActiveCfg = Debug|Any CPU
		{F53BBDA9-A0AF-48DA-95E1-839D55EB7709}.Debug|Any CPU.Build.0 = Debug|Any CPU
		{F53BBDA9-A0AF-48DA-95E1-839D55EB7709}.Release|Any CPU.ActiveCfg = Release|Any CPU
		{F53BBDA9-A0AF-48DA-95E1-839D55EB7709}.Release|Any CPU.Build.0 = Release|Any CPU
		{A38A687B-036F-40C4-ABC7-79EAF5C88DF6}.Debug|Any CPU.ActiveCfg = Debug|Any CPU
		{A38A687B-036F-40C4-ABC7-79EAF5C88DF6}.Debug|Any CPU.Build.0 = Debug|Any CPU
		{A38A687B-036F-40C4-ABC7-79EAF5C88DF6}.Release|Any CPU.ActiveCfg = Release|Any CPU
		{A38A687B-036F-40C4-ABC7-79EAF5C88DF6}.Release|Any CPU.Build.0 = Release|Any CPU
	EndGlobalSection
EndGlobal
