
Microsoft Visual Studio Solution File, Format Version 12.00
Project("{2150E333-8FDC-42A3-9474-1A3956D46DE8}") = "1.Fundamentals", "1.Fundamentals", "{70414838-87F0-43D6-8253-6626569C3966}"
EndProject
Project("{2150E333-8FDC-42A3-9474-1A3956D46DE8}") = "src", "src", "{D38197AC-84AA-4F26-AAC9-CBDC1CFC75F1}"
EndProject
Project("{2150E333-8FDC-42A3-9474-1A3956D46DE8}") = "test", "test", "{B70B94E9-7292-495C-B9BB-B79FEF9C9BA6}"
EndProject
Project("{FAE04EC0-301F-11D3-BF4B-00C04F79EFBC}") = "CalculatorLibrary", "1.Fundamentals\src\CalculatorLibrary\CalculatorLibrary.csproj", "{523EECEE-7751-4181-8FF3-FC7D92DFBFBF}"
EndProject
Project("{FAE04EC0-301F-11D3-BF4B-00C04F79EFBC}") = "CalculatorLibrary.Tests.Unit", "1.Fundamentals\test\CalculatorLibrary.Tests.Unit\CalculatorLibrary.Tests.Unit.csproj", "{F10ACF8B-BCD9-4A9D-97EA-E95A41BEBEDF}"
EndProject
Project("{2150E333-8FDC-42A3-9474-1A3956D46DE8}") = "2.Techniques", "2.Techniques", "{300524B4-8BAF-49D8-88EE-69172B4E3FBE}"
EndProject
Project("{2150E333-8FDC-42A3-9474-1A3956D46DE8}") = "src", "src", "{C6EB0292-FB7C-48EF-93AE-9F95B5DF295B}"
EndProject
Project("{2150E333-8FDC-42A3-9474-1A3956D46DE8}") = "test", "test", "{0527D9AD-D0F7-4CA2-87D1-9EC35D277D9B}"
EndProject
Project("{FAE04EC0-301F-11D3-BF4B-00C04F79EFBC}") = "TestingTechniques", "2.Techniques\src\TestingTechniques\TestingTechniques.csproj", "{F58DC435-2124-48B0-9C12-3241B59A47F9}"
EndProject
Project("{FAE04EC0-301F-11D3-BF4B-00C04F79EFBC}") = "TestingTechniques.Tests.Unit", "2.Techniques\test\TestingTechniques.Tests.Unit\TestingTechniques.Tests.Unit.csproj", "{624CE72D-EA6B-492A-B719-B0480A2ED718}"
EndProject
Global
	GlobalSection(SolutionConfigurationPlatforms) = preSolution
		Debug|Any CPU = Debug|Any CPU
		Release|Any CPU = Release|Any CPU
	EndGlobalSection
	GlobalSection(NestedProjects) = preSolution
		{D38197AC-84AA-4F26-AAC9-CBDC1CFC75F1} = {70414838-87F0-43D6-8253-6626569C3966}
		{B70B94E9-7292-495C-B9BB-B79FEF9C9BA6} = {70414838-87F0-43D6-8253-6626569C3966}
		{523EECEE-7751-4181-8FF3-FC7D92DFBFBF} = {D38197AC-84AA-4F26-AAC9-CBDC1CFC75F1}
		{F10ACF8B-BCD9-4A9D-97EA-E95A41BEBEDF} = {B70B94E9-7292-495C-B9BB-B79FEF9C9BA6}
		{C6EB0292-FB7C-48EF-93AE-9F95B5DF295B} = {300524B4-8BAF-49D8-88EE-69172B4E3FBE}
		{0527D9AD-D0F7-4CA2-87D1-9EC35D277D9B} = {300524B4-8BAF-49D8-88EE-69172B4E3FBE}
		{F58DC435-2124-48B0-9C12-3241B59A47F9} = {C6EB0292-FB7C-48EF-93AE-9F95B5DF295B}
		{624CE72D-EA6B-492A-B719-B0480A2ED718} = {0527D9AD-D0F7-4CA2-87D1-9EC35D277D9B}
	EndGlobalSection
	GlobalSection(ProjectConfigurationPlatforms) = postSolution
		{523EECEE-7751-4181-8FF3-FC7D92DFBFBF}.Debug|Any CPU.ActiveCfg = Debug|Any CPU
		{523EECEE-7751-4181-8FF3-FC7D92DFBFBF}.Debug|Any CPU.Build.0 = Debug|Any CPU
		{523EECEE-7751-4181-8FF3-FC7D92DFBFBF}.Release|Any CPU.ActiveCfg = Release|Any CPU
		{523EECEE-7751-4181-8FF3-FC7D92DFBFBF}.Release|Any CPU.Build.0 = Release|Any CPU
		{F10ACF8B-BCD9-4A9D-97EA-E95A41BEBEDF}.Debug|Any CPU.ActiveCfg = Debug|Any CPU
		{F10ACF8B-BCD9-4A9D-97EA-E95A41BEBEDF}.Debug|Any CPU.Build.0 = Debug|Any CPU
		{F10ACF8B-BCD9-4A9D-97EA-E95A41BEBEDF}.Release|Any CPU.ActiveCfg = Release|Any CPU
		{F10ACF8B-BCD9-4A9D-97EA-E95A41BEBEDF}.Release|Any CPU.Build.0 = Release|Any CPU
		{F58DC435-2124-48B0-9C12-3241B59A47F9}.Debug|Any CPU.ActiveCfg = Debug|Any CPU
		{F58DC435-2124-48B0-9C12-3241B59A47F9}.Debug|Any CPU.Build.0 = Debug|Any CPU
		{F58DC435-2124-48B0-9C12-3241B59A47F9}.Release|Any CPU.ActiveCfg = Release|Any CPU
		{F58DC435-2124-48B0-9C12-3241B59A47F9}.Release|Any CPU.Build.0 = Release|Any CPU
		{624CE72D-EA6B-492A-B719-B0480A2ED718}.Debug|Any CPU.ActiveCfg = Debug|Any CPU
		{624CE72D-EA6B-492A-B719-B0480A2ED718}.Debug|Any CPU.Build.0 = Debug|Any CPU
		{624CE72D-EA6B-492A-B719-B0480A2ED718}.Release|Any CPU.ActiveCfg = Release|Any CPU
		{624CE72D-EA6B-492A-B719-B0480A2ED718}.Release|Any CPU.Build.0 = Release|Any CPU
	EndGlobalSection
EndGlobal
